// !$*UTF8*$!
{
	archiveVersion = 1;
	classes = {
	};
	objectVersion = 51;
	objects = {

/* Begin PBXBuildFile section */
		1A02D95B22C4C05D001E220E /* AppDelegate.swift in Sources */ = {isa = PBXBuildFile; fileRef = 1A02D95A22C4C05D001E220E /* AppDelegate.swift */; };
		1A02D95D22C4C05D001E220E /* ViewController.swift in Sources */ = {isa = PBXBuildFile; fileRef = 1A02D95C22C4C05D001E220E /* ViewController.swift */; };
		1A02D96022C4C05D001E220E /* Main.storyboard in Resources */ = {isa = PBXBuildFile; fileRef = 1A02D95E22C4C05D001E220E /* Main.storyboard */; };
		1A02D96222C4C05D001E220E /* Assets.xcassets in Resources */ = {isa = PBXBuildFile; fileRef = 1A02D96122C4C05D001E220E /* Assets.xcassets */; };
		1A02D96522C4C05D001E220E /* LaunchScreen.storyboard in Resources */ = {isa = PBXBuildFile; fileRef = 1A02D96322C4C05D001E220E /* LaunchScreen.storyboard */; };
		1AAD0A0922C4C8370024E311 /* Fact.swift in Sources */ = {isa = PBXBuildFile; fileRef = 1AAD0A0822C4C8370024E311 /* Fact.swift */; };
		90765DB62C31F36B6CAB2156 /* Pods_LegendsOfSwift.framework in Frameworks */ = {isa = PBXBuildFile; fileRef = F0D1F002A77BE0E4585FAA97 /* Pods_LegendsOfSwift.framework */; };
/* End PBXBuildFile section */

/* Begin PBXFileReference section */
		1A02D95722C4C05D001E220E /* LegendsOfSwift.app */ = {isa = PBXFileReference; explicitFileType = wrapper.application; includeInIndex = 0; path = LegendsOfSwift.app; sourceTree = BUILT_PRODUCTS_DIR; };
		1A02D95A22C4C05D001E220E /* AppDelegate.swift */ = {isa = PBXFileReference; lastKnownFileType = sourcecode.swift; path = AppDelegate.swift; sourceTree = "<group>"; };
		1A02D95C22C4C05D001E220E /* ViewController.swift */ = {isa = PBXFileReference; lastKnownFileType = sourcecode.swift; path = ViewController.swift; sourceTree = "<group>"; };
		1A02D95F22C4C05D001E220E /* Base */ = {isa = PBXFileReference; lastKnownFileType = file.storyboard; name = Base; path = Base.lproj/Main.storyboard; sourceTree = "<group>"; };
		1A02D96122C4C05D001E220E /* Assets.xcassets */ = {isa = PBXFileReference; lastKnownFileType = folder.assetcatalog; path = Assets.xcassets; sourceTree = "<group>"; };
		1A02D96422C4C05D001E220E /* Base */ = {isa = PBXFileReference; lastKnownFileType = file.storyboard; name = Base; path = Base.lproj/LaunchScreen.storyboard; sourceTree = "<group>"; };
		1A02D96622C4C05D001E220E /* Info.plist */ = {isa = PBXFileReference; lastKnownFileType = text.plist.xml; path = Info.plist; sourceTree = "<group>"; };
		1AAD0A0822C4C8370024E311 /* Fact.swift */ = {isa = PBXFileReference; lastKnownFileType = sourcecode.swift; path = Fact.swift; sourceTree = "<group>"; };
		4F2FAF19CCC1A1CBA7C1114B /* Pods-LegendsOfSwift.debug.xcconfig */ = {isa = PBXFileReference; includeInIndex = 1; lastKnownFileType = text.xcconfig; name = "Pods-LegendsOfSwift.debug.xcconfig"; path = "Target Support Files/Pods-LegendsOfSwift/Pods-LegendsOfSwift.debug.xcconfig"; sourceTree = "<group>"; };
		C986BDD64FC62268636F0AFA /* Pods-LegendsOfSwift.release.xcconfig */ = {isa = PBXFileReference; includeInIndex = 1; lastKnownFileType = text.xcconfig; name = "Pods-LegendsOfSwift.release.xcconfig"; path = "Target Support Files/Pods-LegendsOfSwift/Pods-LegendsOfSwift.release.xcconfig"; sourceTree = "<group>"; };
		F0D1F002A77BE0E4585FAA97 /* Pods_LegendsOfSwift.framework */ = {isa = PBXFileReference; explicitFileType = wrapper.framework; includeInIndex = 0; path = Pods_LegendsOfSwift.framework; sourceTree = BUILT_PRODUCTS_DIR; };
/* End PBXFileReference section */

/* Begin PBXFrameworksBuildPhase section */
		1A02D95422C4C05D001E220E /* Frameworks */ = {
			isa = PBXFrameworksBuildPhase;
			buildActionMask = 2147483647;
			files = (
				90765DB62C31F36B6CAB2156 /* Pods_LegendsOfSwift.framework in Frameworks */,
			);
			runOnlyForDeploymentPostprocessing = 0;
		};
/* End PBXFrameworksBuildPhase section */

/* Begin PBXGroup section */
		1A02D94E22C4C05D001E220E = {
			isa = PBXGroup;
			children = (
				1A02D95922C4C05D001E220E /* LegendsOfSwift */,
				1A02D95822C4C05D001E220E /* Products */,
				41A5BB80811AE605DB7347EF /* Pods */,
				8DE72129F29F5E66747EF2A8 /* Frameworks */,
			);
			sourceTree = "<group>";
		};
		1A02D95822C4C05D001E220E /* Products */ = {
			isa = PBXGroup;
			children = (
				1A02D95722C4C05D001E220E /* LegendsOfSwift.app */,
			);
			name = Products;
			sourceTree = "<group>";
		};
		1A02D95922C4C05D001E220E /* LegendsOfSwift */ = {
			isa = PBXGroup;
			children = (
				1A02D95A22C4C05D001E220E /* AppDelegate.swift */,
				1AAD0A0822C4C8370024E311 /* Fact.swift */,
				1A02D95C22C4C05D001E220E /* ViewController.swift */,
				1A02D95E22C4C05D001E220E /* Main.storyboard */,
				1A02D96122C4C05D001E220E /* Assets.xcassets */,
				1A02D96322C4C05D001E220E /* LaunchScreen.storyboard */,
				1A02D96622C4C05D001E220E /* Info.plist */,
			);
			path = LegendsOfSwift;
			sourceTree = "<group>";
		};
		41A5BB80811AE605DB7347EF /* Pods */ = {
			isa = PBXGroup;
			children = (
				4F2FAF19CCC1A1CBA7C1114B /* Pods-LegendsOfSwift.debug.xcconfig */,
				C986BDD64FC62268636F0AFA /* Pods-LegendsOfSwift.release.xcconfig */,
			);
			path = Pods;
			sourceTree = "<group>";
		};
		8DE72129F29F5E66747EF2A8 /* Frameworks */ = {
			isa = PBXGroup;
			children = (
				F0D1F002A77BE0E4585FAA97 /* Pods_LegendsOfSwift.framework */,
			);
			name = Frameworks;
			sourceTree = "<group>";
		};
/* End PBXGroup section */

/* Begin PBXNativeTarget section */
		1A02D95622C4C05D001E220E /* LegendsOfSwift */ = {
			isa = PBXNativeTarget;
			buildConfigurationList = 1A02D96922C4C05D001E220E /* Build configuration list for PBXNativeTarget "LegendsOfSwift" */;
			buildPhases = (
				862DD9975A5CEF49BF8F391A /* [CP] Check Pods Manifest.lock */,
				1A02D95322C4C05D001E220E /* Sources */,
				1A02D95422C4C05D001E220E /* Frameworks */,
				1A02D95522C4C05D001E220E /* Resources */,
				1131EE0F3D1B9AF8CC226566 /* [CP] Embed Pods Frameworks */,
			);
			buildRules = (
			);
			dependencies = (
			);
			name = LegendsOfSwift;
			productName = LegendsOfSwift;
			productReference = 1A02D95722C4C05D001E220E /* LegendsOfSwift.app */;
			productType = "com.apple.product-type.application";
		};
/* End PBXNativeTarget section */

/* Begin PBXProject section */
		1A02D94F22C4C05D001E220E /* Project object */ = {
			isa = PBXProject;
			attributes = {
				LastSwiftUpdateCheck = 1020;
				LastUpgradeCheck = 1020;
				ORGANIZATIONNAME = "Ella Gryf-Lowczowska";
				TargetAttributes = {
					1A02D95622C4C05D001E220E = {
						CreatedOnToolsVersion = 10.2.1;
					};
				};
			};
			buildConfigurationList = 1A02D95222C4C05D001E220E /* Build configuration list for PBXProject "LegendsOfSwift" */;
			compatibilityVersion = "Xcode 9.3";
			developmentRegion = en;
			hasScannedForEncodings = 0;
			knownRegions = (
				en,
				Base,
			);
			mainGroup = 1A02D94E22C4C05D001E220E;
			productRefGroup = 1A02D95822C4C05D001E220E /* Products */;
			projectDirPath = "";
			projectRoot = "";
			targets = (
				1A02D95622C4C05D001E220E /* LegendsOfSwift */,
			);
		};
/* End PBXProject section */

/* Begin PBXResourcesBuildPhase section */
		1A02D95522C4C05D001E220E /* Resources */ = {
			isa = PBXResourcesBuildPhase;
			buildActionMask = 2147483647;
			files = (
				1A02D96522C4C05D001E220E /* LaunchScreen.storyboard in Resources */,
				1A02D96222C4C05D001E220E /* Assets.xcassets in Resources */,
				1A02D96022C4C05D001E220E /* Main.storyboard in Resources */,
			);
			runOnlyForDeploymentPostprocessing = 0;
		};
/* End PBXResourcesBuildPhase section */

/* Begin PBXShellScriptBuildPhase section */
		1131EE0F3D1B9AF8CC226566 /* [CP] Embed Pods Frameworks */ = {
			isa = PBXShellScriptBuildPhase;
			buildActionMask = 2147483647;
			files = (
			);
			inputFileListPaths = (
				"${PODS_ROOT}/Target Support Files/Pods-LegendsOfSwift/Pods-LegendsOfSwift-frameworks-${CONFIGURATION}-input-files.xcfilelist",
			);
			name = "[CP] Embed Pods Frameworks";
			outputFileListPaths = (
				"${PODS_ROOT}/Target Support Files/Pods-LegendsOfSwift/Pods-LegendsOfSwift-frameworks-${CONFIGURATION}-output-files.xcfilelist",
			);
			runOnlyForDeploymentPostprocessing = 0;
			shellPath = /bin/sh;
			shellScript = "\"${PODS_ROOT}/Target Support Files/Pods-LegendsOfSwift/Pods-LegendsOfSwift-frameworks.sh\"\n";
			showEnvVarsInLog = 0;
		};
		862DD9975A5CEF49BF8F391A /* [CP] Check Pods Manifest.lock */ = {
			isa = PBXShellScriptBuildPhase;
			buildActionMask = 2147483647;
			files = (
			);
			inputFileListPaths = (
			);
			inputPaths = (
				"${PODS_PODFILE_DIR_PATH}/Podfile.lock",
				"${PODS_ROOT}/Manifest.lock",
			);
			name = "[CP] Check Pods Manifest.lock";
			outputFileListPaths = (
			);
			outputPaths = (
				"$(DERIVED_FILE_DIR)/Pods-LegendsOfSwift-checkManifestLockResult.txt",
			);
			runOnlyForDeploymentPostprocessing = 0;
			shellPath = /bin/sh;
			shellScript = "diff \"${PODS_PODFILE_DIR_PATH}/Podfile.lock\" \"${PODS_ROOT}/Manifest.lock\" > /dev/null\nif [ $? != 0 ] ; then\n    # print error to STDERR\n    echo \"error: The sandbox is not in sync with the Podfile.lock. Run 'pod install' or update your CocoaPods installation.\" >&2\n    exit 1\nfi\n# This output is used by Xcode 'outputs' to avoid re-running this script phase.\necho \"SUCCESS\" > \"${SCRIPT_OUTPUT_FILE_0}\"\n";
			showEnvVarsInLog = 0;
		};
/* End PBXShellScriptBuildPhase section */

/* Begin PBXSourcesBuildPhase section */
		1A02D95322C4C05D001E220E /* Sources */ = {
			isa = PBXSourcesBuildPhase;
			buildActionMask = 2147483647;
			files = (
				1A02D95D22C4C05D001E220E /* ViewController.swift in Sources */,
				1AAD0A0922C4C8370024E311 /* Fact.swift in Sources */,
				1A02D95B22C4C05D001E220E /* AppDelegate.swift in Sources */,
			);
			runOnlyForDeploymentPostprocessing = 0;
		};
/* End PBXSourcesBuildPhase section */

/* Begin PBXVariantGroup section */
		1A02D95E22C4C05D001E220E /* Main.storyboard */ = {
			isa = PBXVariantGroup;
			children = (
				1A02D95F22C4C05D001E220E /* Base */,
			);
			name = Main.storyboard;
			sourceTree = "<group>";
		};
		1A02D96322C4C05D001E220E /* LaunchScreen.storyboard */ = {
			isa = PBXVariantGroup;
			children = (
				1A02D96422C4C05D001E220E /* Base */,
			);
			name = LaunchScreen.storyboard;
			sourceTree = "<group>";
		};
/* End PBXVariantGroup section */

/* Begin XCBuildConfiguration section */
		1A02D96722C4C05D001E220E /* Debug */ = {
			isa = XCBuildConfiguration;
			buildSettings = {
				ALWAYS_SEARCH_USER_PATHS = NO;
				CLANG_ANALYZER_NONNULL = YES;
				CLANG_ANALYZER_NUMBER_OBJECT_CONVERSION = YES_AGGRESSIVE;
				CLANG_CXX_LANGUAGE_STANDARD = "gnu++14";
				CLANG_CXX_LIBRARY = "libc++";
				CLANG_ENABLE_MODULES = YES;
				CLANG_ENABLE_OBJC_ARC = YES;
				CLANG_ENABLE_OBJC_WEAK = YES;
				CLANG_WARN_BLOCK_CAPTURE_AUTORELEASING = YES;
				CLANG_WARN_BOOL_CONVERSION = YES;
				CLANG_WARN_COMMA = YES;
				CLANG_WARN_CONSTANT_CONVERSION = YES;
				CLANG_WARN_DEPRECATED_OBJC_IMPLEMENTATIONS = YES;
				CLANG_WARN_DIRECT_OBJC_ISA_USAGE = YES_ERROR;
				CLANG_WARN_DOCUMENTATION_COMMENTS = YES;
				CLANG_WARN_EMPTY_BODY = YES;
				CLANG_WARN_ENUM_CONVERSION = YES;
				CLANG_WARN_INFINITE_RECURSION = YES;
				CLANG_WARN_INT_CONVERSION = YES;
				CLANG_WARN_NON_LITERAL_NULL_CONVERSION = YES;
				CLANG_WARN_OBJC_IMPLICIT_RETAIN_SELF = YES;
				CLANG_WARN_OBJC_LITERAL_CONVERSION = YES;
				CLANG_WARN_OBJC_ROOT_CLASS = YES_ERROR;
				CLANG_WARN_RANGE_LOOP_ANALYSIS = YES;
				CLANG_WARN_STRICT_PROTOTYPES = YES;
				CLANG_WARN_SUSPICIOUS_MOVE = YES;
				CLANG_WARN_UNGUARDED_AVAILABILITY = YES_AGGRESSIVE;
				CLANG_WARN_UNREACHABLE_CODE = YES;
				CLANG_WARN__DUPLICATE_METHOD_MATCH = YES;
				CODE_SIGN_IDENTITY = "iPhone Developer";
				COPY_PHASE_STRIP = NO;
				DEBUG_INFORMATION_FORMAT = dwarf;
				ENABLE_STRICT_OBJC_MSGSEND = YES;
				ENABLE_TESTABILITY = YES;
				GCC_C_LANGUAGE_STANDARD = gnu11;
				GCC_DYNAMIC_NO_PIC = NO;
				GCC_NO_COMMON_BLOCKS = YES;
				GCC_OPTIMIZATION_LEVEL = 0;
				GCC_PREPROCESSOR_DEFINITIONS = (
					"DEBUG=1",
					"$(inherited)",
				);
				GCC_WARN_64_TO_32_BIT_CONVERSION = YES;
				GCC_WARN_ABOUT_RETURN_TYPE = YES_ERROR;
				GCC_WARN_UNDECLARED_SELECTOR = YES;
				GCC_WARN_UNINITIALIZED_AUTOS = YES_AGGRESSIVE;
				GCC_WARN_UNUSED_FUNCTION = YES;
				GCC_WARN_UNUSED_VARIABLE = YES;
				IPHONEOS_DEPLOYMENT_TARGET = 12.2;
				MTL_ENABLE_DEBUG_INFO = INCLUDE_SOURCE;
				MTL_FAST_MATH = YES;
				ONLY_ACTIVE_ARCH = YES;
				SDKROOT = iphoneos;
				SWIFT_ACTIVE_COMPILATION_CONDITIONS = DEBUG;
				SWIFT_OPTIMIZATION_LEVEL = "-Onone";
			};
			name = Debug;
		};
		1A02D96822C4C05D001E220E /* Release */ = {
			isa = XCBuildConfiguration;
			buildSettings = {
				ALWAYS_SEARCH_USER_PATHS = NO;
				CLANG_ANALYZER_NONNULL = YES;
				CLANG_ANALYZER_NUMBER_OBJECT_CONVERSION = YES_AGGRESSIVE;
				CLANG_CXX_LANGUAGE_STANDARD = "gnu++14";
				CLANG_CXX_LIBRARY = "libc++";
				CLANG_ENABLE_MODULES = YES;
				CLANG_ENABLE_OBJC_ARC = YES;
				CLANG_ENABLE_OBJC_WEAK = YES;
				CLANG_WARN_BLOCK_CAPTURE_AUTORELEASING = YES;
				CLANG_WARN_BOOL_CONVERSION = YES;
				CLANG_WARN_COMMA = YES;
				CLANG_WARN_CONSTANT_CONVERSION = YES;
				CLANG_WARN_DEPRECATED_OBJC_IMPLEMENTATIONS = YES;
				CLANG_WARN_DIRECT_OBJC_ISA_USAGE = YES_ERROR;
				CLANG_WARN_DOCUMENTATION_COMMENTS = YES;
				CLANG_WARN_EMPTY_BODY = YES;
				CLANG_WARN_ENUM_CONVERSION = YES;
				CLANG_WARN_INFINITE_RECURSION = YES;
				CLANG_WARN_INT_CONVERSION = YES;
				CLANG_WARN_NON_LITERAL_NULL_CONVERSION = YES;
				CLANG_WARN_OBJC_IMPLICIT_RETAIN_SELF = YES;
				CLANG_WARN_OBJC_LITERAL_CONVERSION = YES;
				CLANG_WARN_OBJC_ROOT_CLASS = YES_ERROR;
				CLANG_WARN_RANGE_LOOP_ANALYSIS = YES;
				CLANG_WARN_STRICT_PROTOTYPES = YES;
				CLANG_WARN_SUSPICIOUS_MOVE = YES;
				CLANG_WARN_UNGUARDED_AVAILABILITY = YES_AGGRESSIVE;
				CLANG_WARN_UNREACHABLE_CODE = YES;
				CLANG_WARN__DUPLICATE_METHOD_MATCH = YES;
				CODE_SIGN_IDENTITY = "iPhone Developer";
				COPY_PHASE_STRIP = NO;
				DEBUG_INFORMATION_FORMAT = "dwarf-with-dsym";
				ENABLE_NS_ASSERTIONS = NO;
				ENABLE_STRICT_OBJC_MSGSEND = YES;
				GCC_C_LANGUAGE_STANDARD = gnu11;
				GCC_NO_COMMON_BLOCKS = YES;
				GCC_WARN_64_TO_32_BIT_CONVERSION = YES;
				GCC_WARN_ABOUT_RETURN_TYPE = YES_ERROR;
				GCC_WARN_UNDECLARED_SELECTOR = YES;
				GCC_WARN_UNINITIALIZED_AUTOS = YES_AGGRESSIVE;
				GCC_WARN_UNUSED_FUNCTION = YES;
				GCC_WARN_UNUSED_VARIABLE = YES;
				IPHONEOS_DEPLOYMENT_TARGET = 12.2;
				MTL_ENABLE_DEBUG_INFO = NO;
				MTL_FAST_MATH = YES;
				SDKROOT = iphoneos;
				SWIFT_COMPILATION_MODE = wholemodule;
				SWIFT_OPTIMIZATION_LEVEL = "-O";
				VALIDATE_PRODUCT = YES;
			};
			name = Release;
		};
		1A02D96A22C4C05D001E220E /* Debug */ = {
			isa = XCBuildConfiguration;
			baseConfigurationReference = 4F2FAF19CCC1A1CBA7C1114B /* Pods-LegendsOfSwift.debug.xcconfig */;
			buildSettings = {
				ASSETCATALOG_COMPILER_APPICON_NAME = AppIcon;
				CODE_SIGN_STYLE = Automatic;
				DEVELOPMENT_TEAM = 5L9Y5FZ8WC;
				INFOPLIST_FILE = LegendsOfSwift/Info.plist;
				LD_RUNPATH_SEARCH_PATHS = (
					"$(inherited)",
					"@executable_path/Frameworks",
				);
				PRODUCT_BUNDLE_IDENTIFIER = "egryflowczowska-googlemail.com.LegendsOfSwift";
				PRODUCT_NAME = "$(TARGET_NAME)";
				SWIFT_VERSION = 5.0;
				TARGETED_DEVICE_FAMILY = "1,2";
			};
			name = Debug;
		};
		1A02D96B22C4C05D001E220E /* Release */ = {
			isa = XCBuildConfiguration;
			baseConfigurationReference = C986BDD64FC62268636F0AFA /* Pods-LegendsOfSwift.release.xcconfig */;
			buildSettings = {
				ASSETCATALOG_COMPILER_APPICON_NAME = AppIcon;
				CODE_SIGN_STYLE = Automatic;
				DEVELOPMENT_TEAM = 5L9Y5FZ8WC;
				INFOPLIST_FILE = LegendsOfSwift/Info.plist;
				LD_RUNPATH_SEARCH_PATHS = (
					"$(inherited)",
					"@executable_path/Frameworks",
				);
				PRODUCT_BUNDLE_IDENTIFIER = "egryflowczowska-googlemail.com.LegendsOfSwift";
				PRODUCT_NAME = "$(TARGET_NAME)";
				SWIFT_VERSION = 5.0;
				TARGETED_DEVICE_FAMILY = "1,2";
			};
			name = Release;
		};
/* End XCBuildConfiguration section */

/* Begin XCConfigurationList section */
		1A02D95222C4C05D001E220E /* Build configuration list for PBXProject "LegendsOfSwift" */ = {
			isa = XCConfigurationList;
			buildConfigurations = (
				1A02D96722C4C05D001E220E /* Debug */,
				1A02D96822C4C05D001E220E /* Release */,
			);
			defaultConfigurationIsVisible = 0;
			defaultConfigurationName = Release;
		};
		1A02D96922C4C05D001E220E /* Build configuration list for PBXNativeTarget "LegendsOfSwift" */ = {
			isa = XCConfigurationList;
			buildConfigurations = (
				1A02D96A22C4C05D001E220E /* Debug */,
				1A02D96B22C4C05D001E220E /* Release */,
			);
			defaultConfigurationIsVisible = 0;
			defaultConfigurationName = Release;
		};
/* End XCConfigurationList section */
	};
	rootObject = 1A02D94F22C4C05D001E220E /* Project object */;
}
